{
  "version": 4,
  "terraform_version": "0.12.26",
  "serial": 261,
  "lineage": "8d591826-cdc6-2fd6-efa7-23aac69fc42d",
  "outputs": {},
  "resources": [
    {
      "mode": "managed",
      "type": "aws_instance",
      "name": "server1",
      "each": "list",
      "provider": "provider.aws",
      "instances": [
        {
          "index_key": 0,
          "schema_version": 1,
          "attributes": {
            "ami": "ami-0bb3fad3c0286ebd5",
            "arn": "arn:aws:ec2:eu-west-1:773845126462:instance/i-024b8a01f05c12c5d",
            "associate_public_ip_address": true,
            "availability_zone": "eu-west-1a",
            "cpu_core_count": 1,
            "cpu_threads_per_core": 1,
            "credit_specification": [
              {
                "cpu_credits": "standard"
              }
            ],
            "disable_api_termination": false,
            "ebs_block_device": [],
            "ebs_optimized": false,
            "ephemeral_block_device": [],
            "get_password_data": false,
            "hibernation": false,
            "host_id": null,
            "iam_instance_profile": "",
            "id": "i-024b8a01f05c12c5d",
            "instance_initiated_shutdown_behavior": null,
            "instance_state": "running",
            "instance_type": "t2.micro",
            "ipv6_address_count": 0,
            "ipv6_addresses": [],
            "key_name": "class_key01",
            "metadata_options": [
              {
                "http_endpoint": "enabled",
                "http_put_response_hop_limit": 1,
                "http_tokens": "optional"
              }
            ],
            "monitoring": false,
            "network_interface": [],
            "outpost_arn": "",
            "password_data": "",
            "placement_group": "",
            "primary_network_interface_id": "eni-09210f839e6ae1e7a",
            "private_dns": "ip-10-0-30-30.eu-west-1.compute.internal",
            "private_ip": "10.0.30.30",
            "public_dns": "ec2-52-31-248-5.eu-west-1.compute.amazonaws.com",
            "public_ip": "52.31.248.5",
            "root_block_device": [
              {
                "delete_on_termination": true,
                "device_name": "/dev/xvda",
                "encrypted": false,
                "iops": 100,
                "kms_key_id": "",
                "volume_id": "vol-09da8374671735262",
                "volume_size": 8,
                "volume_type": "gp2"
              }
            ],
            "secondary_private_ips": [],
            "security_groups": [],
            "source_dest_check": true,
            "subnet_id": "subnet-0b224663a7ab80985",
            "tags": {
              "Environment": "DEV",
              "Name": "server1",
              "Owner": "Terraform"
            },
            "tenancy": "default",
            "timeouts": null,
            "user_data": "d99b8548a010675a4c7ac4133bce8287fc4492f2",
            "user_data_base64": null,
            "volume_tags": {},
            "vpc_security_group_ids": [
              "sg-0109432b7f58f5725",
              "sg-055dd52193f00439b"
            ]
          },
          "private": "eyJlMmJmYjczMC1lY2FhLTExZTYtOGY4OC0zNDM2M2JjN2M0YzAiOnsiY3JlYXRlIjo2MDAwMDAwMDAwMDAsImRlbGV0ZSI6MTIwMDAwMDAwMDAwMCwidXBkYXRlIjo2MDAwMDAwMDAwMDB9LCJzY2hlbWFfdmVyc2lvbiI6IjEifQ==",
          "dependencies": [
            "aws_key_pair.key_class01",
            "aws_security_group.sg_1",
            "aws_security_group.sg_2",
            "aws_subnet.subnet3",
            "aws_vpc.main1"
          ]
        }
      ]
    },
    {
      "mode": "managed",
      "type": "aws_internet_gateway",
      "name": "gw",
      "provider": "provider.aws",
      "instances": [
        {
          "schema_version": 0,
          "attributes": {
            "arn": "arn:aws:ec2:eu-west-1:773845126462:internet-gateway/igw-02c05adb1b56eb733",
            "id": "igw-02c05adb1b56eb733",
            "owner_id": "773845126462",
            "tags": {
              "Name": "gateway_main"
            },
            "vpc_id": "vpc-0b2876bc21e5751ca"
          },
          "private": "bnVsbA==",
          "dependencies": [
            "aws_vpc.main1"
          ]
        }
      ]
    },
    {
      "mode": "managed",
      "type": "aws_key_pair",
      "name": "key_class01",
      "provider": "provider.aws",
      "instances": [
        {
          "schema_version": 1,
          "attributes": {
            "arn": "arn:aws:ec2:eu-west-1:773845126462:key-pair/class_key01",
            "fingerprint": "f0:ad:0a:81:cd:0d:bf:f3:4f:40:a0:8b:60:ae:91:e1",
            "id": "class_key01",
            "key_name": "class_key01",
            "key_name_prefix": null,
            "key_pair_id": "key-0d05a721787af5c01",
            "public_key": "ssh-rsa AAAAB3NzaC1yc2EAAAADAQABAAACAQDvzgXAVqxJsJw5+Ic4120ANZzT/vNrY5eIscI0Nr6jt68ikNyyDU68owSnLGUWemz2HqTB4TONkcVkh5nFezle2Gj9OJ5cq7p/9wPxrn0sN1Rst5QnuHEI21T8e4Vy2MAQmXJ4brmShOdcBiZPl+33ZUrxa5vasRE38++QDFElHon0oH7nTCnw4c+tKXtDHGXK+jsAZdBgaJUXAgJ4ZmjTev/6WhCU+T/xAqETje2+QeS80xzPnmjqHIJXmDJw5zsNBxlupTr8aiCerNHmlbvH1t1Y1fKR4Ss1tSRxOc8V4Olmc8aA+bJjT8qS59d80dvgDjfKlf6t3MTlHSdscVMlfb3Schq/yjjrMFWJWJbZuuo6Wc8ZuF14NyiNv9xjZdHb7y+Jg7X5g8ZOpPI5g4CO9drgFTJBjnwyr1Cptkq0gDLd1Dg8tvfeYU/U5Z+9PMG70s+HFS0iROFmfuUtcJcmlQmdNI39qChgVwMO5/Bpi5gspskm37oe0EsjstrHz5gNH/jvK5Drp3+VreEKHYFw7nvih7rRCZR7DMFP7tyqAx88mmVHM4bNVpWc2mJNk5ET00yT6T343d26GmV8vhkq8Gz8U1zdoZqptEoDoV5QV45P8Fk4H03yQFl3G3DdTpBNjHtB94mAJOGXSqv2sC7pMI48r4UpESGW2OP/y+lC9w==",
            "tags": null
          },
          "private": "eyJzY2hlbWFfdmVyc2lvbiI6IjEifQ=="
        }
      ]
    },
    {
      "mode": "managed",
      "type": "aws_key_pair",
      "name": "key_class02",
      "provider": "provider.aws",
      "instances": [
        {
          "schema_version": 1,
          "attributes": {
            "arn": "arn:aws:ec2:eu-west-1:773845126462:key-pair/class_key02",
            "fingerprint": "f0:ad:0a:81:cd:0d:bf:f3:4f:40:a0:8b:60:ae:91:e1",
            "id": "class_key02",
            "key_name": "class_key02",
            "key_name_prefix": null,
            "key_pair_id": "key-0a626e5400c9dc6d2",
            "public_key": "ssh-rsa AAAAB3NzaC1yc2EAAAADAQABAAACAQDvzgXAVqxJsJw5+Ic4120ANZzT/vNrY5eIscI0Nr6jt68ikNyyDU68owSnLGUWemz2HqTB4TONkcVkh5nFezle2Gj9OJ5cq7p/9wPxrn0sN1Rst5QnuHEI21T8e4Vy2MAQmXJ4brmShOdcBiZPl+33ZUrxa5vasRE38++QDFElHon0oH7nTCnw4c+tKXtDHGXK+jsAZdBgaJUXAgJ4ZmjTev/6WhCU+T/xAqETje2+QeS80xzPnmjqHIJXmDJw5zsNBxlupTr8aiCerNHmlbvH1t1Y1fKR4Ss1tSRxOc8V4Olmc8aA+bJjT8qS59d80dvgDjfKlf6t3MTlHSdscVMlfb3Schq/yjjrMFWJWJbZuuo6Wc8ZuF14NyiNv9xjZdHb7y+Jg7X5g8ZOpPI5g4CO9drgFTJBjnwyr1Cptkq0gDLd1Dg8tvfeYU/U5Z+9PMG70s+HFS0iROFmfuUtcJcmlQmdNI39qChgVwMO5/Bpi5gspskm37oe0EsjstrHz5gNH/jvK5Drp3+VreEKHYFw7nvih7rRCZR7DMFP7tyqAx88mmVHM4bNVpWc2mJNk5ET00yT6T343d26GmV8vhkq8Gz8U1zdoZqptEoDoV5QV45P8Fk4H03yQFl3G3DdTpBNjHtB94mAJOGXSqv2sC7pMI48r4UpESGW2OP/y+lC9w== alejandro@CPX-FTKE353ST3W",
            "tags": null
          },
          "private": "eyJzY2hlbWFfdmVyc2lvbiI6IjEifQ=="
        }
      ]
    },
    {
      "mode": "managed",
      "type": "aws_route_table",
      "name": "r",
      "provider": "provider.aws",
      "instances": [
        {
          "schema_version": 0,
          "attributes": {
            "id": "rtb-0e2fb3c7f7c38a4fe",
            "owner_id": "773845126462",
            "propagating_vgws": [],
            "route": [
              {
                "cidr_block": "0.0.0.0/0",
                "egress_only_gateway_id": "",
                "gateway_id": "igw-02c05adb1b56eb733",
                "instance_id": "",
                "ipv6_cidr_block": "",
                "local_gateway_id": "",
                "nat_gateway_id": "",
                "network_interface_id": "",
                "transit_gateway_id": "",
                "vpc_peering_connection_id": ""
              }
            ],
            "tags": {
              "Name": "r_main"
            },
            "vpc_id": "vpc-0b2876bc21e5751ca"
          },
          "private": "bnVsbA==",
          "dependencies": [
            "aws_internet_gateway.gw",
            "aws_vpc.main1"
          ]
        }
      ]
    },
    {
      "mode": "managed",
      "type": "aws_route_table_association",
      "name": "r_assoc_subnet1",
      "provider": "provider.aws",
      "instances": [
        {
          "schema_version": 0,
          "attributes": {
            "gateway_id": null,
            "id": "rtbassoc-0eac1d408c07445d9",
            "route_table_id": "rtb-0e2fb3c7f7c38a4fe",
            "subnet_id": "subnet-0939b9d1a0200a681"
          },
          "private": "bnVsbA==",
          "dependencies": [
            "aws_internet_gateway.gw",
            "aws_route_table.r",
            "aws_subnet.subnet1",
            "aws_vpc.main1"
          ]
        }
      ]
    },
    {
      "mode": "managed",
      "type": "aws_route_table_association",
      "name": "r_assoc_subnet2",
      "provider": "provider.aws",
      "instances": [
        {
          "schema_version": 0,
          "attributes": {
            "gateway_id": null,
            "id": "rtbassoc-082dfb12b5d859a1b",
            "route_table_id": "rtb-0e2fb3c7f7c38a4fe",
            "subnet_id": "subnet-0080b32e2e196a5c7"
          },
          "private": "bnVsbA==",
          "dependencies": [
            "aws_internet_gateway.gw",
            "aws_route_table.r",
            "aws_subnet.subnet2",
            "aws_vpc.main1"
          ]
        }
      ]
    },
    {
      "mode": "managed",
      "type": "aws_route_table_association",
      "name": "r_assoc_subnet3",
      "provider": "provider.aws",
      "instances": [
        {
          "schema_version": 0,
          "attributes": {
            "gateway_id": null,
            "id": "rtbassoc-033ddf3bce56fe89b",
            "route_table_id": "rtb-0e2fb3c7f7c38a4fe",
            "subnet_id": "subnet-0b224663a7ab80985"
          },
          "private": "bnVsbA==",
          "dependencies": [
            "aws_internet_gateway.gw",
            "aws_route_table.r",
            "aws_subnet.subnet3",
            "aws_vpc.main1"
          ]
        }
      ]
    },
    {
      "mode": "managed",
      "type": "aws_security_group",
      "name": "sg_1",
      "provider": "provider.aws",
      "instances": [
        {
          "schema_version": 1,
          "attributes": {
            "arn": "arn:aws:ec2:eu-west-1:773845126462:security-group/sg-055dd52193f00439b",
            "description": "security group que permite ping y ssh",
            "egress": [
              {
                "cidr_blocks": [
                  "0.0.0.0/0"
                ],
                "description": "",
                "from_port": 0,
                "ipv6_cidr_blocks": [],
                "prefix_list_ids": [],
                "protocol": "-1",
                "security_groups": [],
                "self": false,
                "to_port": 0
              }
            ],
            "id": "sg-055dd52193f00439b",
            "ingress": [
              {
                "cidr_blocks": [
                  "0.0.0.0/0"
                ],
                "description": "",
                "from_port": -1,
                "ipv6_cidr_blocks": [],
                "prefix_list_ids": [],
                "protocol": "icmp",
                "security_groups": [],
                "self": false,
                "to_port": -1
              },
              {
                "cidr_blocks": [
                  "0.0.0.0/0"
                ],
                "description": "",
                "from_port": 22,
                "ipv6_cidr_blocks": [],
                "prefix_list_ids": [],
                "protocol": "tcp",
                "security_groups": [],
                "self": false,
                "to_port": 22
              }
            ],
            "name": "sg_1",
            "name_prefix": "",
            "owner_id": "773845126462",
            "revoke_rules_on_delete": false,
            "tags": {
              "Name": "sg_1"
            },
            "timeouts": null,
            "vpc_id": "vpc-0b2876bc21e5751ca"
          },
          "private": "eyJlMmJmYjczMC1lY2FhLTExZTYtOGY4OC0zNDM2M2JjN2M0YzAiOnsiY3JlYXRlIjo2MDAwMDAwMDAwMDAsImRlbGV0ZSI6NjAwMDAwMDAwMDAwfSwic2NoZW1hX3ZlcnNpb24iOiIxIn0=",
          "dependencies": [
            "aws_vpc.main1"
          ]
        }
      ]
    },
    {
      "mode": "managed",
      "type": "aws_security_group",
      "name": "sg_2",
      "provider": "provider.aws",
      "instances": [
        {
          "schema_version": 1,
          "attributes": {
            "arn": "arn:aws:ec2:eu-west-1:773845126462:security-group/sg-0109432b7f58f5725",
            "description": "security group que permite http",
            "egress": [
              {
                "cidr_blocks": [
                  "0.0.0.0/0"
                ],
                "description": "",
                "from_port": 0,
                "ipv6_cidr_blocks": [],
                "prefix_list_ids": [],
                "protocol": "-1",
                "security_groups": [],
                "self": false,
                "to_port": 0
              }
            ],
            "id": "sg-0109432b7f58f5725",
            "ingress": [
              {
                "cidr_blocks": [
                  "0.0.0.0/0"
                ],
                "description": "",
                "from_port": 443,
                "ipv6_cidr_blocks": [],
                "prefix_list_ids": [],
                "protocol": "tcp",
                "security_groups": [],
                "self": false,
                "to_port": 443
              },
              {
                "cidr_blocks": [
                  "0.0.0.0/0"
                ],
                "description": "",
                "from_port": 80,
                "ipv6_cidr_blocks": [],
                "prefix_list_ids": [],
                "protocol": "tcp",
                "security_groups": [],
                "self": false,
                "to_port": 80
              }
            ],
            "name": "sg_2",
            "name_prefix": "",
            "owner_id": "773845126462",
            "revoke_rules_on_delete": false,
            "tags": {
              "Name": "sg_2"
            },
            "timeouts": null,
            "vpc_id": "vpc-0b2876bc21e5751ca"
          },
          "private": "eyJlMmJmYjczMC1lY2FhLTExZTYtOGY4OC0zNDM2M2JjN2M0YzAiOnsiY3JlYXRlIjo2MDAwMDAwMDAwMDAsImRlbGV0ZSI6NjAwMDAwMDAwMDAwfSwic2NoZW1hX3ZlcnNpb24iOiIxIn0=",
          "dependencies": [
            "aws_vpc.main1"
          ]
        }
      ]
    },
    {
      "mode": "managed",
      "type": "aws_subnet",
      "name": "subnet1",
      "provider": "provider.aws",
      "instances": [
        {
          "schema_version": 1,
          "attributes": {
            "arn": "arn:aws:ec2:eu-west-1:773845126462:subnet/subnet-0939b9d1a0200a681",
            "assign_ipv6_address_on_creation": false,
            "availability_zone": "eu-west-1b",
            "availability_zone_id": "euw1-az2",
            "cidr_block": "10.0.10.0/24",
            "id": "subnet-0939b9d1a0200a681",
            "ipv6_cidr_block": "",
            "ipv6_cidr_block_association_id": "",
            "map_public_ip_on_launch": true,
            "outpost_arn": "",
            "owner_id": "773845126462",
            "tags": {
              "Name": "subnet1_eu-west-1b"
            },
            "timeouts": null,
            "vpc_id": "vpc-0b2876bc21e5751ca"
          },
          "private": "eyJlMmJmYjczMC1lY2FhLTExZTYtOGY4OC0zNDM2M2JjN2M0YzAiOnsiY3JlYXRlIjo2MDAwMDAwMDAwMDAsImRlbGV0ZSI6MTIwMDAwMDAwMDAwMH0sInNjaGVtYV92ZXJzaW9uIjoiMSJ9",
          "dependencies": [
            "aws_vpc.main1"
          ]
        }
      ]
    },
    {
      "mode": "managed",
      "type": "aws_subnet",
      "name": "subnet2",
      "provider": "provider.aws",
      "instances": [
        {
          "schema_version": 1,
          "attributes": {
            "arn": "arn:aws:ec2:eu-west-1:773845126462:subnet/subnet-0080b32e2e196a5c7",
            "assign_ipv6_address_on_creation": false,
            "availability_zone": "eu-west-1b",
            "availability_zone_id": "euw1-az2",
            "cidr_block": "10.0.20.0/24",
            "id": "subnet-0080b32e2e196a5c7",
            "ipv6_cidr_block": "",
            "ipv6_cidr_block_association_id": "",
            "map_public_ip_on_launch": true,
            "outpost_arn": "",
            "owner_id": "773845126462",
            "tags": {
              "Name": "subnet2_eu-west-1c"
            },
            "timeouts": null,
            "vpc_id": "vpc-0b2876bc21e5751ca"
          },
          "private": "eyJlMmJmYjczMC1lY2FhLTExZTYtOGY4OC0zNDM2M2JjN2M0YzAiOnsiY3JlYXRlIjo2MDAwMDAwMDAwMDAsImRlbGV0ZSI6MTIwMDAwMDAwMDAwMH0sInNjaGVtYV92ZXJzaW9uIjoiMSJ9",
          "dependencies": [
            "aws_vpc.main1"
          ]
        }
      ]
    },
    {
      "mode": "managed",
      "type": "aws_subnet",
      "name": "subnet3",
      "provider": "provider.aws",
      "instances": [
        {
          "schema_version": 1,
          "attributes": {
            "arn": "arn:aws:ec2:eu-west-1:773845126462:subnet/subnet-0b224663a7ab80985",
            "assign_ipv6_address_on_creation": false,
            "availability_zone": "eu-west-1a",
            "availability_zone_id": "euw1-az1",
            "cidr_block": "10.0.30.0/24",
            "id": "subnet-0b224663a7ab80985",
            "ipv6_cidr_block": "",
            "ipv6_cidr_block_association_id": "",
            "map_public_ip_on_launch": true,
            "outpost_arn": "",
            "owner_id": "773845126462",
            "tags": {
              "Name": "subnet3_eu-west-1c"
            },
            "timeouts": null,
            "vpc_id": "vpc-0b2876bc21e5751ca"
          },
          "private": "eyJlMmJmYjczMC1lY2FhLTExZTYtOGY4OC0zNDM2M2JjN2M0YzAiOnsiY3JlYXRlIjo2MDAwMDAwMDAwMDAsImRlbGV0ZSI6MTIwMDAwMDAwMDAwMH0sInNjaGVtYV92ZXJzaW9uIjoiMSJ9",
          "dependencies": [
            "aws_vpc.main1"
          ]
        }
      ]
    },
    {
      "mode": "managed",
      "type": "aws_vpc",
      "name": "main1",
      "provider": "provider.aws",
      "instances": [
        {
          "schema_version": 1,
          "attributes": {
            "arn": "arn:aws:ec2:eu-west-1:773845126462:vpc/vpc-0b2876bc21e5751ca",
            "assign_generated_ipv6_cidr_block": false,
            "cidr_block": "10.0.0.0/16",
            "default_network_acl_id": "acl-0862811a6e28a9ee1",
            "default_route_table_id": "rtb-0e3a586e1ddb18ee1",
            "default_security_group_id": "sg-003536644ba638d2d",
            "dhcp_options_id": "dopt-0fc3b269",
            "enable_classiclink": false,
            "enable_classiclink_dns_support": false,
            "enable_dns_hostnames": true,
            "enable_dns_support": true,
            "id": "vpc-0b2876bc21e5751ca",
            "instance_tenancy": "default",
            "ipv6_association_id": "",
            "ipv6_cidr_block": "",
            "main_route_table_id": "rtb-0e3a586e1ddb18ee1",
            "owner_id": "773845126462",
            "tags": {
              "Name": "main_vpc"
            }
          },
          "private": "eyJzY2hlbWFfdmVyc2lvbiI6IjEifQ=="
        }
      ]
    }
  ]
}
